
Microsoft Visual Studio Solution File, Format Version 11.00
# Visual Studio 2010
Project("{FAE04EC0-301F-11D3-BF4B-00C04F79EFBC}") = "build", "build\build.csproj", "{6794C26C-4A8B-440C-A73E-32E8C98421AA}"
EndProject
Project("{FAE04EC0-301F-11D3-BF4B-00C04F79EFBC}") = "swlite.Web", "swlite.Web\swlite.Web.csproj", "{658730D0-223B-4492-994B-962BBBB0172C}"
EndProject
Project("{FAE04EC0-301F-11D3-BF4B-00C04F79EFBC}") = "buildlite", "buildlite\buildlite.csproj", "{1172FAE9-3DA2-4862-9D7C-28A376E70B71}"
EndProject
Project("{FAE04EC0-301F-11D3-BF4B-00C04F79EFBC}") = "Editor", "Editor\Editor.csproj", "{268BA90D-6BDC-4C15-A6F0-4BE101FEE68A}"
EndProject
Project("{FAE04EC0-301F-11D3-BF4B-00C04F79EFBC}") = "game", "game\game.csproj", "{444546E6-84F0-49A2-9405-4BEA3FE159CB}"
EndProject
Global
	GlobalSection(SolutionConfigurationPlatforms) = preSolution
		Debug|Any CPU = Debug|Any CPU
		Release|Any CPU = Release|Any CPU
	EndGlobalSection
	GlobalSection(ProjectConfigurationPlatforms) = postSolution
		{6794C26C-4A8B-440C-A73E-32E8C98421AA}.Debug|Any CPU.ActiveCfg = Debug|Any CPU
		{6794C26C-4A8B-440C-A73E-32E8C98421AA}.Debug|Any CPU.Build.0 = Debug|Any CPU
		{6794C26C-4A8B-440C-A73E-32E8C98421AA}.Release|Any CPU.ActiveCfg = Release|Any CPU
		{6794C26C-4A8B-440C-A73E-32E8C98421AA}.Release|Any CPU.Build.0 = Release|Any CPU
		{658730D0-223B-4492-994B-962BBBB0172C}.Debug|Any CPU.ActiveCfg = Debug|Any CPU
		{658730D0-223B-4492-994B-962BBBB0172C}.Debug|Any CPU.Build.0 = Debug|Any CPU
		{658730D0-223B-4492-994B-962BBBB0172C}.Release|Any CPU.ActiveCfg = Release|Any CPU
		{658730D0-223B-4492-994B-962BBBB0172C}.Release|Any CPU.Build.0 = Release|Any CPU
		{1172FAE9-3DA2-4862-9D7C-28A376E70B71}.Debug|Any CPU.ActiveCfg = Debug|Any CPU
		{1172FAE9-3DA2-4862-9D7C-28A376E70B71}.Debug|Any CPU.Build.0 = Debug|Any CPU
		{1172FAE9-3DA2-4862-9D7C-28A376E70B71}.Release|Any CPU.ActiveCfg = Release|Any CPU
		{1172FAE9-3DA2-4862-9D7C-28A376E70B71}.Release|Any CPU.Build.0 = Release|Any CPU
		{268BA90D-6BDC-4C15-A6F0-4BE101FEE68A}.Debug|Any CPU.ActiveCfg = Debug|Any CPU
		{268BA90D-6BDC-4C15-A6F0-4BE101FEE68A}.Debug|Any CPU.Build.0 = Debug|Any CPU
		{268BA90D-6BDC-4C15-A6F0-4BE101FEE68A}.Release|Any CPU.ActiveCfg = Release|Any CPU
		{268BA90D-6BDC-4C15-A6F0-4BE101FEE68A}.Release|Any CPU.Build.0 = Release|Any CPU
		{444546E6-84F0-49A2-9405-4BEA3FE159CB}.Debug|Any CPU.ActiveCfg = Debug|Any CPU
		{444546E6-84F0-49A2-9405-4BEA3FE159CB}.Debug|Any CPU.Build.0 = Debug|Any CPU
		{444546E6-84F0-49A2-9405-4BEA3FE159CB}.Release|Any CPU.ActiveCfg = Release|Any CPU
		{444546E6-84F0-49A2-9405-4BEA3FE159CB}.Release|Any CPU.Build.0 = Release|Any CPU
	EndGlobalSection
	GlobalSection(SolutionProperties) = preSolution
		HideSolutionNode = FALSE
	EndGlobalSection
EndGlobal
